
Microsoft Visual Studio Solution File, Format Version 12.00
# Visual Studio Version 16
VisualStudioVersion = 16.0.31624.102
MinimumVisualStudioVersion = 10.0.40219.1
Project("{FAE04EC0-301F-11D3-BF4B-00C04F79EFBC}") = "MyGuessingGame", "MyGuessingGame\MyGuessingGame.csproj", "{1B342C74-FE79-4FD3-9D15-67CC9140DE7E}"
EndProject
Global
	GlobalSection(SolutionConfigurationPlatforms) = preSolution
		Debug|Any CPU = Debug|Any CPU
		Release|Any CPU = Release|Any CPU
	EndGlobalSection
	GlobalSection(ProjectConfigurationPlatforms) = postSolution
		{1B342C74-FE79-4FD3-9D15-67CC9140DE7E}.Debug|Any CPU.ActiveCfg = Debug|Any CPU
		{1B342C74-FE79-4FD3-9D15-67CC9140DE7E}.Debug|Any CPU.Build.0 = Debug|Any CPU
		{1B342C74-FE79-4FD3-9D15-67CC9140DE7E}.Release|Any CPU.ActiveCfg = Release|Any CPU
		{1B342C74-FE79-4FD3-9D15-67CC9140DE7E}.Release|Any CPU.Build.0 = Release|Any CPU
	EndGlobalSection
	GlobalSection(SolutionProperties) = preSolution
		HideSolutionNode = FALSE
	EndGlobalSection
	GlobalSection(ExtensibilityGlobals) = postSolution
		SolutionGuid = {CD867292-5C70-4F6E-89E0-2C93B204AFA4}
	EndGlobalSection
EndGlobal
